// !$*UTF8*$!
{
	archiveVersion = 1;
	classes = {
	};
	objectVersion = 56;
	objects = {

/* Begin PBXBuildFile section */
		AA1E46C32FA3C97B004EA299 /* RandomAnimeModel.swift in Sources */ = {isa = PBXBuildFile; fileRef = AA1E46C22FA3C97B004EA299 /* RandomAnimeModel.swift */; };
		AA1E46C52FA3CB25004EA299 /* NetworkingManager.swift in Sources */ = {isa = PBXBuildFile; fileRef = AA1E46C42FA3CB25004EA299 /* NetworkingManager.swift */; };
		AA1E46C72FA3CB60004EA299 /* Constants.swift in Sources */ = {isa = PBXBuildFile; fileRef = AA1E46C62FA3CB60004EA299 /* Constants.swift */; };
		AA46BF1A2FA6197D00003977 /* RecommendedAnimeView.swift in Sources */ = {isa = PBXBuildFile; fileRef = AA46BF192FA6197D00003977 /* RecommendedAnimeView.swift */; };
		AA474B652FA3ADFC003160E1 /* Nanii_App.swift in Sources */ = {isa = PBXBuildFile; fileRef = AA474B642FA3ADFC003160E1 /* Nanii_App.swift */; };
		AA474B692FA3ADFE003160E1 /* Assets.xcassets in Resources */ = {isa = PBXBuildFile; fileRef = AA474B682FA3ADFE003160E1 /* Assets.xcassets */; };
		AA474B6C2FA3ADFE003160E1 /* Preview Assets.xcassets in Resources */ = {isa = PBXBuildFile; fileRef = AA474B6B2FA3ADFE003160E1 /* Preview Assets.xcassets */; };
		AA474B7B2FA3C642003160E1 /* Color.swift in Sources */ = {isa = PBXBuildFile; fileRef = AA474B7A2FA3C642003160E1 /* Color.swift */; };
		AA4AC9682FBCFC3600B654E3 /* TopAnimes.swift in Sources */ = {isa = PBXBuildFile; fileRef = AA4AC9672FBCFC3600B654E3 /* TopAnimes.swift */; };
		AAE9F7972FA5509300797884 /* RandomAnimesService.swift in Sources */ = {isa = PBXBuildFile; fileRef = AAE9F7962FA5509300797884 /* RandomAnimesService.swift */; };
		AAE9F7992FA5578900797884 /* HomeViewModel.swift in Sources */ = {isa = PBXBuildFile; fileRef = AAE9F7982FA5578900797884 /* HomeViewModel.swift */; };
		AAE9F79B2FA55A1300797884 /* HomeView.swift in Sources */ = {isa = PBXBuildFile; fileRef = AAE9F79A2FA55A1300797884 /* HomeView.swift */; };
		AAE9F79D2FA5633F00797884 /* AnimeRecommendations.swift in Sources */ = {isa = PBXBuildFile; fileRef = AAE9F79C2FA5633F00797884 /* AnimeRecommendations.swift */; };
/* End PBXBuildFile section */

/* Begin PBXFileReference section */
		AA1E46C22FA3C97B004EA299 /* RandomAnimeModel.swift */ = {isa = PBXFileReference; lastKnownFileType = sourcecode.swift; path = RandomAnimeModel.swift; sourceTree = "<group>"; };
		AA1E46C42FA3CB25004EA299 /* NetworkingManager.swift */ = {isa = PBXFileReference; lastKnownFileType = sourcecode.swift; path = NetworkingManager.swift; sourceTree = "<group>"; };
		AA1E46C62FA3CB60004EA299 /* Constants.swift */ = {isa = PBXFileReference; lastKnownFileType = sourcecode.swift; path = Constants.swift; sourceTree = "<group>"; };
		AA46BF192FA6197D00003977 /* RecommendedAnimeView.swift */ = {isa = PBXFileReference; lastKnownFileType = sourcecode.swift; path = RecommendedAnimeView.swift; sourceTree = "<group>"; };
		AA474B612FA3ADFC003160E1 /* Nanii!.app */ = {isa = PBXFileReference; explicitFileType = wrapper.application; includeInIndex = 0; path = "Nanii!.app"; sourceTree = BUILT_PRODUCTS_DIR; };
		AA474B642FA3ADFC003160E1 /* Nanii_App.swift */ = {isa = PBXFileReference; lastKnownFileType = sourcecode.swift; path = Nanii_App.swift; sourceTree = "<group>"; };
		AA474B682FA3ADFE003160E1 /* Assets.xcassets */ = {isa = PBXFileReference; lastKnownFileType = folder.assetcatalog; path = Assets.xcassets; sourceTree = "<group>"; };
		AA474B6B2FA3ADFE003160E1 /* Preview Assets.xcassets */ = {isa = PBXFileReference; lastKnownFileType = folder.assetcatalog; path = "Preview Assets.xcassets"; sourceTree = "<group>"; };
		AA474B7A2FA3C642003160E1 /* Color.swift */ = {isa = PBXFileReference; lastKnownFileType = sourcecode.swift; path = Color.swift; sourceTree = "<group>"; };
		AA4AC9672FBCFC3600B654E3 /* TopAnimes.swift */ = {isa = PBXFileReference; lastKnownFileType = sourcecode.swift; path = TopAnimes.swift; sourceTree = "<group>"; };
		AAE9F7962FA5509300797884 /* RandomAnimesService.swift */ = {isa = PBXFileReference; lastKnownFileType = sourcecode.swift; path = RandomAnimesService.swift; sourceTree = "<group>"; };
		AAE9F7982FA5578900797884 /* HomeViewModel.swift */ = {isa = PBXFileReference; lastKnownFileType = sourcecode.swift; path = HomeViewModel.swift; sourceTree = "<group>"; };
		AAE9F79A2FA55A1300797884 /* HomeView.swift */ = {isa = PBXFileReference; lastKnownFileType = sourcecode.swift; path = HomeView.swift; sourceTree = "<group>"; };
		AAE9F79C2FA5633F00797884 /* AnimeRecommendations.swift */ = {isa = PBXFileReference; lastKnownFileType = sourcecode.swift; path = AnimeRecommendations.swift; sourceTree = "<group>"; };
/* End PBXFileReference section */

/* Begin PBXFrameworksBuildPhase section */
		AA474B5E2FA3ADFC003160E1 /* Frameworks */ = {
			isa = PBXFrameworksBuildPhase;
			buildActionMask = 2147483647;
			files = (
			);
			runOnlyForDeploymentPostprocessing = 0;
		};
/* End PBXFrameworksBuildPhase section */

/* Begin PBXGroup section */
		AA474B582FA3ADFC003160E1 = {
			isa = PBXGroup;
			children = (
				AA474B632FA3ADFC003160E1 /* Nanii! */,
				AA474B622FA3ADFC003160E1 /* Products */,
			);
			sourceTree = "<group>";
		};
		AA474B622FA3ADFC003160E1 /* Products */ = {
			isa = PBXGroup;
			children = (
				AA474B612FA3ADFC003160E1 /* Nanii!.app */,
			);
			name = Products;
			sourceTree = "<group>";
		};
		AA474B632FA3ADFC003160E1 /* Nanii! */ = {
			isa = PBXGroup;
			children = (
				AA474B642FA3ADFC003160E1 /* Nanii_App.swift */,
				AA474B722FA3C4C4003160E1 /* Resources */,
				AA474B742FA3C4D5003160E1 /* Services */,
				AA474B772FA3C4EA003160E1 /* Extensions */,
				AA474B762FA3C4E3003160E1 /* Utilities */,
				AA474B752FA3C4DD003160E1 /* Models */,
				AA474B732FA3C4CF003160E1 /* Core */,
				AA474B6A2FA3ADFE003160E1 /* Preview Content */,
			);
			path = "Nanii!";
			sourceTree = "<group>";
		};
		AA474B6A2FA3ADFE003160E1 /* Preview Content */ = {
			isa = PBXGroup;
			children = (
				AA474B6B2FA3ADFE003160E1 /* Preview Assets.xcassets */,
			);
			path = "Preview Content";
			sourceTree = "<group>";
		};
		AA474B722FA3C4C4003160E1 /* Resources */ = {
			isa = PBXGroup;
			children = (
				AA474B682FA3ADFE003160E1 /* Assets.xcassets */,
				AA1E46C62FA3CB60004EA299 /* Constants.swift */,
			);
			path = Resources;
			sourceTree = "<group>";
		};
		AA474B732FA3C4CF003160E1 /* Core */ = {
			isa = PBXGroup;
			children = (
				AAE9F7932FA5506000797884 /* Home */,
				AA474B782FA3C502003160E1 /* Components */,
				AA4AC9662FBCF17A00B654E3 /* Launch */,
			);
			path = Core;
			sourceTree = "<group>";
		};
		AA474B742FA3C4D5003160E1 /* Services */ = {
			isa = PBXGroup;
			children = (
				AAE9F7962FA5509300797884 /* RandomAnimesService.swift */,
			);
			path = Services;
			sourceTree = "<group>";
		};
		AA474B752FA3C4DD003160E1 /* Models */ = {
			isa = PBXGroup;
			children = (
				AA1E46C22FA3C97B004EA299 /* RandomAnimeModel.swift */,
				AAE9F79C2FA5633F00797884 /* AnimeRecommendations.swift */,
				AA4AC9672FBCFC3600B654E3 /* TopAnimes.swift */,
			);
			path = Models;
			sourceTree = "<group>";
		};
		AA474B762FA3C4E3003160E1 /* Utilities */ = {
			isa = PBXGroup;
			children = (
				AA1E46C42FA3CB25004EA299 /* NetworkingManager.swift */,
			);
			path = Utilities;
			sourceTree = "<group>";
		};
		AA474B772FA3C4EA003160E1 /* Extensions */ = {
			isa = PBXGroup;
			children = (
				AA474B7A2FA3C642003160E1 /* Color.swift */,
			);
			path = Extensions;
			sourceTree = "<group>";
		};
		AA474B782FA3C502003160E1 /* Components */ = {
			isa = PBXGroup;
			children = (
				AA46BF192FA6197D00003977 /* RecommendedAnimeView.swift */,
			);
			path = Components;
			sourceTree = "<group>";
		};
		AA4AC9662FBCF17A00B654E3 /* Launch */ = {
			isa = PBXGroup;
			children = (
			);
			path = Launch;
			sourceTree = "<group>";
		};
		AAE9F7932FA5506000797884 /* Home */ = {
			isa = PBXGroup;
			children = (
				AAE9F7952FA5507000797884 /* Views */,
				AAE9F7942FA5506700797884 /* ViewModels */,
			);
			path = Home;
			sourceTree = "<group>";
		};
		AAE9F7942FA5506700797884 /* ViewModels */ = {
			isa = PBXGroup;
			children = (
				AAE9F7982FA5578900797884 /* HomeViewModel.swift */,
			);
			path = ViewModels;
			sourceTree = "<group>";
		};
		AAE9F7952FA5507000797884 /* Views */ = {
			isa = PBXGroup;
			children = (
				AAE9F79A2FA55A1300797884 /* HomeView.swift */,
			);
			path = Views;
			sourceTree = "<group>";
		};
/* End PBXGroup section */

/* Begin PBXNativeTarget section */
		AA474B602FA3ADFC003160E1 /* Nanii! */ = {
			isa = PBXNativeTarget;
			buildConfigurationList = AA474B6F2FA3ADFE003160E1 /* Build configuration list for PBXNativeTarget "Nanii!" */;
			buildPhases = (
				AA474B5D2FA3ADFC003160E1 /* Sources */,
				AA474B5E2FA3ADFC003160E1 /* Frameworks */,
				AA474B5F2FA3ADFC003160E1 /* Resources */,
			);
			buildRules = (
			);
			dependencies = (
			);
			name = "Nanii!";
			productName = "Nanii!";
			productReference = AA474B612FA3ADFC003160E1 /* Nanii!.app */;
			productType = "com.apple.product-type.application";
		};
/* End PBXNativeTarget section */

/* Begin PBXProject section */
		AA474B592FA3ADFC003160E1 /* Project object */ = {
			isa = PBXProject;
			attributes = {
				BuildIndependentTargetsInParallel = 1;
				LastSwiftUpdateCheck = 1540;
				LastUpgradeCheck = 1540;
				TargetAttributes = {
					AA474B602FA3ADFC003160E1 = {
						CreatedOnToolsVersion = 15.4;
					};
				};
			};
			buildConfigurationList = AA474B5C2FA3ADFC003160E1 /* Build configuration list for PBXProject "Nanii!" */;
			compatibilityVersion = "Xcode 14.0";
			developmentRegion = en;
			hasScannedForEncodings = 0;
			knownRegions = (
				en,
				Base,
			);
			mainGroup = AA474B582FA3ADFC003160E1;
			productRefGroup = AA474B622FA3ADFC003160E1 /* Products */;
			projectDirPath = "";
			projectRoot = "";
			targets = (
				AA474B602FA3ADFC003160E1 /* Nanii! */,
			);
		};
/* End PBXProject section */

/* Begin PBXResourcesBuildPhase section */
		AA474B5F2FA3ADFC003160E1 /* Resources */ = {
			isa = PBXResourcesBuildPhase;
			buildActionMask = 2147483647;
			files = (
				AA474B6C2FA3ADFE003160E1 /* Preview Assets.xcassets in Resources */,
				AA474B692FA3ADFE003160E1 /* Assets.xcassets in Resources */,
			);
			runOnlyForDeploymentPostprocessing = 0;
		};
/* End PBXResourcesBuildPhase section */

/* Begin PBXSourcesBuildPhase section */
		AA474B5D2FA3ADFC003160E1 /* Sources */ = {
			isa = PBXSourcesBuildPhase;
			buildActionMask = 2147483647;
			files = (
				AAE9F79B2FA55A1300797884 /* HomeView.swift in Sources */,
				AAE9F7972FA5509300797884 /* RandomAnimesService.swift in Sources */,
				AA46BF1A2FA6197D00003977 /* RecommendedAnimeView.swift in Sources */,
				AA1E46C32FA3C97B004EA299 /* RandomAnimeModel.swift in Sources */,
				AAE9F7992FA5578900797884 /* HomeViewModel.swift in Sources */,
				AA474B652FA3ADFC003160E1 /* Nanii_App.swift in Sources */,
				AA4AC9682FBCFC3600B654E3 /* TopAnimes.swift in Sources */,
				AA1E46C52FA3CB25004EA299 /* NetworkingManager.swift in Sources */,
				AA474B7B2FA3C642003160E1 /* Color.swift in Sources */,
				AA1E46C72FA3CB60004EA299 /* Constants.swift in Sources */,
				AAE9F79D2FA5633F00797884 /* AnimeRecommendations.swift in Sources */,
			);
			runOnlyForDeploymentPostprocessing = 0;
		};
/* End PBXSourcesBuildPhase section */

/* Begin XCBuildConfiguration section */
		AA474B6D2FA3ADFE003160E1 /* Debug */ = {
			isa = XCBuildConfiguration;
			buildSettings = {
				ALWAYS_SEARCH_USER_PATHS = NO;
				ASSETCATALOG_COMPILER_GENERATE_SWIFT_ASSET_SYMBOL_EXTENSIONS = YES;
				CLANG_ANALYZER_NONNULL = YES;
				CLANG_ANALYZER_NUMBER_OBJECT_CONVERSION = YES_AGGRESSIVE;
				CLANG_CXX_LANGUAGE_STANDARD = "gnu++20";
				CLANG_ENABLE_MODULES = YES;
				CLANG_ENABLE_OBJC_ARC = YES;
				CLANG_ENABLE_OBJC_WEAK = YES;
				CLANG_WARN_BLOCK_CAPTURE_AUTORELEASING = YES;
				CLANG_WARN_BOOL_CONVERSION = YES;
				CLANG_WARN_COMMA = YES;
				CLANG_WARN_CONSTANT_CONVERSION = YES;
				CLANG_WARN_DEPRECATED_OBJC_IMPLEMENTATIONS = YES;
				CLANG_WARN_DIRECT_OBJC_ISA_USAGE = YES_ERROR;
				CLANG_WARN_DOCUMENTATION_COMMENTS = YES;
				CLANG_WARN_EMPTY_BODY = YES;
				CLANG_WARN_ENUM_CONVERSION = YES;
				CLANG_WARN_INFINITE_RECURSION = YES;
				CLANG_WARN_INT_CONVERSION = YES;
				CLANG_WARN_NON_LITERAL_NULL_CONVERSION = YES;
				CLANG_WARN_OBJC_IMPLICIT_RETAIN_SELF = YES;
				CLANG_WARN_OBJC_LITERAL_CONVERSION = YES;
				CLANG_WARN_OBJC_ROOT_CLASS = YES_ERROR;
				CLANG_WARN_QUOTED_INCLUDE_IN_FRAMEWORK_HEADER = YES;
				CLANG_WARN_RANGE_LOOP_ANALYSIS = YES;
				CLANG_WARN_STRICT_PROTOTYPES = YES;
				CLANG_WARN_SUSPICIOUS_MOVE = YES;
				CLANG_WARN_UNGUARDED_AVAILABILITY = YES_AGGRESSIVE;
				CLANG_WARN_UNREACHABLE_CODE = YES;
				CLANG_WARN__DUPLICATE_METHOD_MATCH = YES;
				COPY_PHASE_STRIP = NO;
				DEBUG_INFORMATION_FORMAT = dwarf;
				ENABLE_STRICT_OBJC_MSGSEND = YES;
				ENABLE_TESTABILITY = YES;
				ENABLE_USER_SCRIPT_SANDBOXING = YES;
				GCC_C_LANGUAGE_STANDARD = gnu17;
				GCC_DYNAMIC_NO_PIC = NO;
				GCC_NO_COMMON_BLOCKS = YES;
				GCC_OPTIMIZATION_LEVEL = 0;
				GCC_PREPROCESSOR_DEFINITIONS = (
					"DEBUG=1",
					"$(inherited)",
				);
				GCC_WARN_64_TO_32_BIT_CONVERSION = YES;
				GCC_WARN_ABOUT_RETURN_TYPE = YES_ERROR;
				GCC_WARN_UNDECLARED_SELECTOR = YES;
				GCC_WARN_UNINITIALIZED_AUTOS = YES_AGGRESSIVE;
				GCC_WARN_UNUSED_FUNCTION = YES;
				GCC_WARN_UNUSED_VARIABLE = YES;
				IPHONEOS_DEPLOYMENT_TARGET = 17.5;
				LOCALIZATION_PREFERS_STRING_CATALOGS = YES;
				MTL_ENABLE_DEBUG_INFO = INCLUDE_SOURCE;
				MTL_FAST_MATH = YES;
				ONLY_ACTIVE_ARCH = YES;
				SDKROOT = iphoneos;
				SWIFT_ACTIVE_COMPILATION_CONDITIONS = "DEBUG $(inherited)";
				SWIFT_OPTIMIZATION_LEVEL = "-Onone";
			};
			name = Debug;
		};
		AA474B6E2FA3ADFE003160E1 /* Release */ = {
			isa = XCBuildConfiguration;
			buildSettings = {
				ALWAYS_SEARCH_USER_PATHS = NO;
				ASSETCATALOG_COMPILER_GENERATE_SWIFT_ASSET_SYMBOL_EXTENSIONS = YES;
				CLANG_ANALYZER_NONNULL = YES;
				CLANG_ANALYZER_NUMBER_OBJECT_CONVERSION = YES_AGGRESSIVE;
				CLANG_CXX_LANGUAGE_STANDARD = "gnu++20";
				CLANG_ENABLE_MODULES = YES;
				CLANG_ENABLE_OBJC_ARC = YES;
				CLANG_ENABLE_OBJC_WEAK = YES;
				CLANG_WARN_BLOCK_CAPTURE_AUTORELEASING = YES;
				CLANG_WARN_BOOL_CONVERSION = YES;
				CLANG_WARN_COMMA = YES;
				CLANG_WARN_CONSTANT_CONVERSION = YES;
				CLANG_WARN_DEPRECATED_OBJC_IMPLEMENTATIONS = YES;
				CLANG_WARN_DIRECT_OBJC_ISA_USAGE = YES_ERROR;
				CLANG_WARN_DOCUMENTATION_COMMENTS = YES;
				CLANG_WARN_EMPTY_BODY = YES;
				CLANG_WARN_ENUM_CONVERSION = YES;
				CLANG_WARN_INFINITE_RECURSION = YES;
				CLANG_WARN_INT_CONVERSION = YES;
				CLANG_WARN_NON_LITERAL_NULL_CONVERSION = YES;
				CLANG_WARN_OBJC_IMPLICIT_RETAIN_SELF = YES;
				CLANG_WARN_OBJC_LITERAL_CONVERSION = YES;
				CLANG_WARN_OBJC_ROOT_CLASS = YES_ERROR;
				CLANG_WARN_QUOTED_INCLUDE_IN_FRAMEWORK_HEADER = YES;
				CLANG_WARN_RANGE_LOOP_ANALYSIS = YES;
				CLANG_WARN_STRICT_PROTOTYPES = YES;
				CLANG_WARN_SUSPICIOUS_MOVE = YES;
				CLANG_WARN_UNGUARDED_AVAILABILITY = YES_AGGRESSIVE;
				CLANG_WARN_UNREACHABLE_CODE = YES;
				CLANG_WARN__DUPLICATE_METHOD_MATCH = YES;
				COPY_PHASE_STRIP = NO;
				DEBUG_INFORMATION_FORMAT = "dwarf-with-dsym";
				ENABLE_NS_ASSERTIONS = NO;
				ENABLE_STRICT_OBJC_MSGSEND = YES;
				ENABLE_USER_SCRIPT_SANDBOXING = YES;
				GCC_C_LANGUAGE_STANDARD = gnu17;
				GCC_NO_COMMON_BLOCKS = YES;
				GCC_WARN_64_TO_32_BIT_CONVERSION = YES;
				GCC_WARN_ABOUT_RETURN_TYPE = YES_ERROR;
				GCC_WARN_UNDECLARED_SELECTOR = YES;
				GCC_WARN_UNINITIALIZED_AUTOS = YES_AGGRESSIVE;
				GCC_WARN_UNUSED_FUNCTION = YES;
				GCC_WARN_UNUSED_VARIABLE = YES;
				IPHONEOS_DEPLOYMENT_TARGET = 17.5;
				LOCALIZATION_PREFERS_STRING_CATALOGS = YES;
				MTL_ENABLE_DEBUG_INFO = NO;
				MTL_FAST_MATH = YES;
				SDKROOT = iphoneos;
				SWIFT_COMPILATION_MODE = wholemodule;
				VALIDATE_PRODUCT = YES;
			};
			name = Release;
		};
		AA474B702FA3ADFE003160E1 /* Debug */ = {
			isa = XCBuildConfiguration;
			buildSettings = {
				ASSETCATALOG_COMPILER_APPICON_NAME = AppIcon;
				ASSETCATALOG_COMPILER_GLOBAL_ACCENT_COLOR_NAME = AccentColor;
				CODE_SIGN_STYLE = Automatic;
				CURRENT_PROJECT_VERSION = 1;
				DEVELOPMENT_ASSET_PATHS = "\"Nanii!/Preview Content\"";
				DEVELOPMENT_TEAM = L3G4XRBRZ4;
				ENABLE_PREVIEWS = YES;
				GENERATE_INFOPLIST_FILE = YES;
				INFOPLIST_KEY_UIApplicationSceneManifest_Generation = YES;
				INFOPLIST_KEY_UIApplicationSupportsIndirectInputEvents = YES;
				INFOPLIST_KEY_UILaunchScreen_Generation = YES;
				INFOPLIST_KEY_UISupportedInterfaceOrientations_iPad = "UIInterfaceOrientationPortrait UIInterfaceOrientationPortraitUpsideDown UIInterfaceOrientationLandscapeLeft UIInterfaceOrientationLandscapeRight";
				INFOPLIST_KEY_UISupportedInterfaceOrientations_iPhone = "UIInterfaceOrientationPortrait UIInterfaceOrientationLandscapeLeft UIInterfaceOrientationLandscapeRight";
				LD_RUNPATH_SEARCH_PATHS = (
					"$(inherited)",
					"@executable_path/Frameworks",
				);
				MARKETING_VERSION = 1.0;
				PRODUCT_BUNDLE_IDENTIFIER = "nafe3.Nanii-";
				PRODUCT_NAME = "$(TARGET_NAME)";
				SWIFT_EMIT_LOC_STRINGS = YES;
				SWIFT_VERSION = 5.0;
				TARGETED_DEVICE_FAMILY = "1,2";
			};
			name = Debug;
		};
		AA474B712FA3ADFE003160E1 /* Release */ = {
			isa = XCBuildConfiguration;
			buildSettings = {
				ASSETCATALOG_COMPILER_APPICON_NAME = AppIcon;
				ASSETCATALOG_COMPILER_GLOBAL_ACCENT_COLOR_NAME = AccentColor;
				CODE_SIGN_STYLE = Automatic;
				CURRENT_PROJECT_VERSION = 1;
				DEVELOPMENT_ASSET_PATHS = "\"Nanii!/Preview Content\"";
				DEVELOPMENT_TEAM = L3G4XRBRZ4;
				ENABLE_PREVIEWS = YES;
				GENERATE_INFOPLIST_FILE = YES;
				INFOPLIST_KEY_UIApplicationSceneManifest_Generation = YES;
				INFOPLIST_KEY_UIApplicationSupportsIndirectInputEvents = YES;
				INFOPLIST_KEY_UILaunchScreen_Generation = YES;
				INFOPLIST_KEY_UISupportedInterfaceOrientations_iPad = "UIInterfaceOrientationPortrait UIInterfaceOrientationPortraitUpsideDown UIInterfaceOrientationLandscapeLeft UIInterfaceOrientationLandscapeRight";
				INFOPLIST_KEY_UISupportedInterfaceOrientations_iPhone = "UIInterfaceOrientationPortrait UIInterfaceOrientationLandscapeLeft UIInterfaceOrientationLandscapeRight";
				LD_RUNPATH_SEARCH_PATHS = (
					"$(inherited)",
					"@executable_path/Frameworks",
				);
				MARKETING_VERSION = 1.0;
				PRODUCT_BUNDLE_IDENTIFIER = "nafe3.Nanii-";
				PRODUCT_NAME = "$(TARGET_NAME)";
				SWIFT_EMIT_LOC_STRINGS = YES;
				SWIFT_VERSION = 5.0;
				TARGETED_DEVICE_FAMILY = "1,2";
			};
			name = Release;
		};
/* End XCBuildConfiguration section */

/* Begin XCConfigurationList section */
		AA474B5C2FA3ADFC003160E1 /* Build configuration list for PBXProject "Nanii!" */ = {
			isa = XCConfigurationList;
			buildConfigurations = (
				AA474B6D2FA3ADFE003160E1 /* Debug */,
				AA474B6E2FA3ADFE003160E1 /* Release */,
			);
			defaultConfigurationIsVisible = 0;
			defaultConfigurationName = Release;
		};
		AA474B6F2FA3ADFE003160E1 /* Build configuration list for PBXNativeTarget "Nanii!" */ = {
			isa = XCConfigurationList;
			buildConfigurations = (
				AA474B702FA3ADFE003160E1 /* Debug */,
				AA474B712FA3ADFE003160E1 /* Release */,
			);
			defaultConfigurationIsVisible = 0;
			defaultConfigurationName = Release;
		};
/* End XCConfigurationList section */
	};
	rootObject = AA474B592FA3ADFC003160E1 /* Project object */;
}
